// !$*UTF8*$!
{
	archiveVersion = 1;
	classes = {
	};
	objectVersion = 56;
	objects = {

/* Begin PBXBuildFile section */
		242A42442AD026BF00E06794 /* AppDelegate.swift in Sources */ = {isa = PBXBuildFile; fileRef = 242A42432AD026BF00E06794 /* AppDelegate.swift */; };
		242A42462AD026BF00E06794 /* SceneDelegate.swift in Sources */ = {isa = PBXBuildFile; fileRef = 242A42452AD026BF00E06794 /* SceneDelegate.swift */; };
		242A42482AD026BF00E06794 /* ViewController.swift in Sources */ = {isa = PBXBuildFile; fileRef = 242A42472AD026BF00E06794 /* ViewController.swift */; };
		242A424B2AD026BF00E06794 /* Main.storyboard in Resources */ = {isa = PBXBuildFile; fileRef = 242A42492AD026BF00E06794 /* Main.storyboard */; };
		242A424D2AD026C200E06794 /* Assets.xcassets in Resources */ = {isa = PBXBuildFile; fileRef = 242A424C2AD026C200E06794 /* Assets.xcassets */; };
		242A42502AD026C200E06794 /* LaunchScreen.storyboard in Resources */ = {isa = PBXBuildFile; fileRef = 242A424E2AD026C200E06794 /* LaunchScreen.storyboard */; };
		245174722B0D1D95007D70B4 /* GameDTO.swift in Sources */ = {isa = PBXBuildFile; fileRef = 245174712B0D1D95007D70B4 /* GameDTO.swift */; };
		245174742B0D1D9F007D70B4 /* GameService.swift in Sources */ = {isa = PBXBuildFile; fileRef = 245174732B0D1D9F007D70B4 /* GameService.swift */; };
		245174782B0D27AF007D70B4 /* GameTableManager.swift in Sources */ = {isa = PBXBuildFile; fileRef = 245174772B0D27AF007D70B4 /* GameTableManager.swift */; };
/* End PBXBuildFile section */

/* Begin PBXFileReference section */
		242A42402AD026BF00E06794 /* my_app.app */ = {isa = PBXFileReference; explicitFileType = wrapper.application; includeInIndex = 0; path = my_app.app; sourceTree = BUILT_PRODUCTS_DIR; };
		242A42432AD026BF00E06794 /* AppDelegate.swift */ = {isa = PBXFileReference; lastKnownFileType = sourcecode.swift; path = AppDelegate.swift; sourceTree = "<group>"; };
		242A42452AD026BF00E06794 /* SceneDelegate.swift */ = {isa = PBXFileReference; lastKnownFileType = sourcecode.swift; path = SceneDelegate.swift; sourceTree = "<group>"; };
		242A42472AD026BF00E06794 /* ViewController.swift */ = {isa = PBXFileReference; lastKnownFileType = sourcecode.swift; path = ViewController.swift; sourceTree = "<group>"; };
		242A424A2AD026BF00E06794 /* Base */ = {isa = PBXFileReference; lastKnownFileType = file.storyboard; name = Base; path = Base.lproj/Main.storyboard; sourceTree = "<group>"; };
		242A424C2AD026C200E06794 /* Assets.xcassets */ = {isa = PBXFileReference; lastKnownFileType = folder.assetcatalog; path = Assets.xcassets; sourceTree = "<group>"; };
		242A424F2AD026C200E06794 /* Base */ = {isa = PBXFileReference; lastKnownFileType = file.storyboard; name = Base; path = Base.lproj/LaunchScreen.storyboard; sourceTree = "<group>"; };
		242A42512AD026C200E06794 /* Info.plist */ = {isa = PBXFileReference; lastKnownFileType = text.plist.xml; path = Info.plist; sourceTree = "<group>"; };
		245174712B0D1D95007D70B4 /* GameDTO.swift */ = {isa = PBXFileReference; lastKnownFileType = sourcecode.swift; path = GameDTO.swift; sourceTree = "<group>"; };
		245174732B0D1D9F007D70B4 /* GameService.swift */ = {isa = PBXFileReference; lastKnownFileType = sourcecode.swift; path = GameService.swift; sourceTree = "<group>"; };
		245174772B0D27AF007D70B4 /* GameTableManager.swift */ = {isa = PBXFileReference; lastKnownFileType = sourcecode.swift; path = GameTableManager.swift; sourceTree = "<group>"; };
/* End PBXFileReference section */

/* Begin PBXFrameworksBuildPhase section */
		242A423D2AD026BE00E06794 /* Frameworks */ = {
			isa = PBXFrameworksBuildPhase;
			buildActionMask = 2147483647;
			files = (
			);
			runOnlyForDeploymentPostprocessing = 0;
		};
/* End PBXFrameworksBuildPhase section */

/* Begin PBXGroup section */
		242A42372AD026BE00E06794 = {
			isa = PBXGroup;
			children = (
				242A42422AD026BF00E06794 /* my_app */,
				242A42412AD026BF00E06794 /* Products */,
			);
			sourceTree = "<group>";
		};
		242A42412AD026BF00E06794 /* Products */ = {
			isa = PBXGroup;
			children = (
				242A42402AD026BF00E06794 /* my_app.app */,
			);
			name = Products;
			sourceTree = "<group>";
		};
		242A42422AD026BF00E06794 /* my_app */ = {
			isa = PBXGroup;
			children = (
				245174702B0D1D75007D70B4 /* GameTable */,
				242A42432AD026BF00E06794 /* AppDelegate.swift */,
				242A42452AD026BF00E06794 /* SceneDelegate.swift */,
				242A42492AD026BF00E06794 /* Main.storyboard */,
				242A424C2AD026C200E06794 /* Assets.xcassets */,
				242A424E2AD026C200E06794 /* LaunchScreen.storyboard */,
				242A42512AD026C200E06794 /* Info.plist */,
			);
			path = my_app;
			sourceTree = "<group>";
		};
		245174702B0D1D75007D70B4 /* GameTable */ = {
			isa = PBXGroup;
			children = (
				242A42472AD026BF00E06794 /* ViewController.swift */,
				245174712B0D1D95007D70B4 /* GameDTO.swift */,
				245174732B0D1D9F007D70B4 /* GameService.swift */,
				245174772B0D27AF007D70B4 /* GameTableManager.swift */,
			);
			path = GameTable;
			sourceTree = "<group>";
		};
/* End PBXGroup section */

/* Begin PBXNativeTarget section */
		242A423F2AD026BE00E06794 /* my_app */ = {
			isa = PBXNativeTarget;
			buildConfigurationList = 242A42542AD026C200E06794 /* Build configuration list for PBXNativeTarget "my_app" */;
			buildPhases = (
				242A423C2AD026BE00E06794 /* Sources */,
				242A423D2AD026BE00E06794 /* Frameworks */,
				242A423E2AD026BE00E06794 /* Resources */,
			);
			buildRules = (
			);
			dependencies = (
			);
			name = my_app;
			productName = my_app;
			productReference = 242A42402AD026BF00E06794 /* my_app.app */;
			productType = "com.apple.product-type.application";
		};
/* End PBXNativeTarget section */

/* Begin PBXProject section */
		242A42382AD026BE00E06794 /* Project object */ = {
			isa = PBXProject;
			attributes = {
				BuildIndependentTargetsInParallel = 1;
				LastSwiftUpdateCheck = 1500;
				LastUpgradeCheck = 1500;
				TargetAttributes = {
					242A423F2AD026BE00E06794 = {
						CreatedOnToolsVersion = 15.0;
					};
				};
			};
			buildConfigurationList = 242A423B2AD026BE00E06794 /* Build configuration list for PBXProject "my_app" */;
			compatibilityVersion = "Xcode 14.0";
			developmentRegion = en;
			hasScannedForEncodings = 0;
			knownRegions = (
				en,
				Base,
			);
			mainGroup = 242A42372AD026BE00E06794;
			productRefGroup = 242A42412AD026BF00E06794 /* Products */;
			projectDirPath = "";
			projectRoot = "";
			targets = (
				242A423F2AD026BE00E06794 /* my_app */,
			);
		};
/* End PBXProject section */

/* Begin PBXResourcesBuildPhase section */
		242A423E2AD026BE00E06794 /* Resources */ = {
			isa = PBXResourcesBuildPhase;
			buildActionMask = 2147483647;
			files = (
				242A42502AD026C200E06794 /* LaunchScreen.storyboard in Resources */,
				242A424D2AD026C200E06794 /* Assets.xcassets in Resources */,
				242A424B2AD026BF00E06794 /* Main.storyboard in Resources */,
			);
			runOnlyForDeploymentPostprocessing = 0;
		};
/* End PBXResourcesBuildPhase section */

/* Begin PBXSourcesBuildPhase section */
		242A423C2AD026BE00E06794 /* Sources */ = {
			isa = PBXSourcesBuildPhase;
			buildActionMask = 2147483647;
			files = (
				242A42482AD026BF00E06794 /* ViewController.swift in Sources */,
				245174722B0D1D95007D70B4 /* GameDTO.swift in Sources */,
				245174742B0D1D9F007D70B4 /* GameService.swift in Sources */,
				242A42442AD026BF00E06794 /* AppDelegate.swift in Sources */,
				245174782B0D27AF007D70B4 /* GameTableManager.swift in Sources */,
				242A42462AD026BF00E06794 /* SceneDelegate.swift in Sources */,
			);
			runOnlyForDeploymentPostprocessing = 0;
		};
/* End PBXSourcesBuildPhase section */

/* Begin PBXVariantGroup section */
		242A42492AD026BF00E06794 /* Main.storyboard */ = {
			isa = PBXVariantGroup;
			children = (
				242A424A2AD026BF00E06794 /* Base */,
			);
			name = Main.storyboard;
			sourceTree = "<group>";
		};
		242A424E2AD026C200E06794 /* LaunchScreen.storyboard */ = {
			isa = PBXVariantGroup;
			children = (
				242A424F2AD026C200E06794 /* Base */,
			);
			name = LaunchScreen.storyboard;
			sourceTree = "<group>";
		};
/* End PBXVariantGroup section */

/* Begin XCBuildConfiguration section */
		242A42522AD026C200E06794 /* Debug */ = {
			isa = XCBuildConfiguration;
			buildSettings = {
				ALWAYS_SEARCH_USER_PATHS = NO;
				ASSETCATALOG_COMPILER_GENERATE_SWIFT_ASSET_SYMBOL_EXTENSIONS = YES;
				CLANG_ANALYZER_NONNULL = YES;
				CLANG_ANALYZER_NUMBER_OBJECT_CONVERSION = YES_AGGRESSIVE;
				CLANG_CXX_LANGUAGE_STANDARD = "gnu++20";
				CLANG_ENABLE_MODULES = YES;
				CLANG_ENABLE_OBJC_ARC = YES;
				CLANG_ENABLE_OBJC_WEAK = YES;
				CLANG_WARN_BLOCK_CAPTURE_AUTORELEASING = YES;
				CLANG_WARN_BOOL_CONVERSION = YES;
				CLANG_WARN_COMMA = YES;
				CLANG_WARN_CONSTANT_CONVERSION = YES;
				CLANG_WARN_DEPRECATED_OBJC_IMPLEMENTATIONS = YES;
				CLANG_WARN_DIRECT_OBJC_ISA_USAGE = YES_ERROR;
				CLANG_WARN_DOCUMENTATION_COMMENTS = YES;
				CLANG_WARN_EMPTY_BODY = YES;
				CLANG_WARN_ENUM_CONVERSION = YES;
				CLANG_WARN_INFINITE_RECURSION = YES;
				CLANG_WARN_INT_CONVERSION = YES;
				CLANG_WARN_NON_LITERAL_NULL_CONVERSION = YES;
				CLANG_WARN_OBJC_IMPLICIT_RETAIN_SELF = YES;
				CLANG_WARN_OBJC_LITERAL_CONVERSION = YES;
				CLANG_WARN_OBJC_ROOT_CLASS = YES_ERROR;
				CLANG_WARN_QUOTED_INCLUDE_IN_FRAMEWORK_HEADER = YES;
				CLANG_WARN_RANGE_LOOP_ANALYSIS = YES;
				CLANG_WARN_STRICT_PROTOTYPES = YES;
				CLANG_WARN_SUSPICIOUS_MOVE = YES;
				CLANG_WARN_UNGUARDED_AVAILABILITY = YES_AGGRESSIVE;
				CLANG_WARN_UNREACHABLE_CODE = YES;
				CLANG_WARN__DUPLICATE_METHOD_MATCH = YES;
				COPY_PHASE_STRIP = NO;
				DEBUG_INFORMATION_FORMAT = dwarf;
				ENABLE_STRICT_OBJC_MSGSEND = YES;
				ENABLE_TESTABILITY = YES;
				ENABLE_USER_SCRIPT_SANDBOXING = YES;
				GCC_C_LANGUAGE_STANDARD = gnu17;
				GCC_DYNAMIC_NO_PIC = NO;
				GCC_NO_COMMON_BLOCKS = YES;
				GCC_OPTIMIZATION_LEVEL = 0;
				GCC_PREPROCESSOR_DEFINITIONS = (
					"DEBUG=1",
					"$(inherited)",
				);
				GCC_WARN_64_TO_32_BIT_CONVERSION = YES;
				GCC_WARN_ABOUT_RETURN_TYPE = YES_ERROR;
				GCC_WARN_UNDECLARED_SELECTOR = YES;
				GCC_WARN_UNINITIALIZED_AUTOS = YES_AGGRESSIVE;
				GCC_WARN_UNUSED_FUNCTION = YES;
				GCC_WARN_UNUSED_VARIABLE = YES;
				IPHONEOS_DEPLOYMENT_TARGET = 17.0;
				LOCALIZATION_PREFERS_STRING_CATALOGS = YES;
				MTL_ENABLE_DEBUG_INFO = INCLUDE_SOURCE;
				MTL_FAST_MATH = YES;
				ONLY_ACTIVE_ARCH = YES;
				SDKROOT = iphoneos;
				SWIFT_ACTIVE_COMPILATION_CONDITIONS = "DEBUG $(inherited)";
				SWIFT_OPTIMIZATION_LEVEL = "-Onone";
			};
			name = Debug;
		};
		242A42532AD026C200E06794 /* Release */ = {
			isa = XCBuildConfiguration;
			buildSettings = {
				ALWAYS_SEARCH_USER_PATHS = NO;
				ASSETCATALOG_COMPILER_GENERATE_SWIFT_ASSET_SYMBOL_EXTENSIONS = YES;
				CLANG_ANALYZER_NONNULL = YES;
				CLANG_ANALYZER_NUMBER_OBJECT_CONVERSION = YES_AGGRESSIVE;
				CLANG_CXX_LANGUAGE_STANDARD = "gnu++20";
				CLANG_ENABLE_MODULES = YES;
				CLANG_ENABLE_OBJC_ARC = YES;
				CLANG_ENABLE_OBJC_WEAK = YES;
				CLANG_WARN_BLOCK_CAPTURE_AUTORELEASING = YES;
				CLANG_WARN_BOOL_CONVERSION = YES;
				CLANG_WARN_COMMA = YES;
				CLANG_WARN_CONSTANT_CONVERSION = YES;
				CLANG_WARN_DEPRECATED_OBJC_IMPLEMENTATIONS = YES;
				CLANG_WARN_DIRECT_OBJC_ISA_USAGE = YES_ERROR;
				CLANG_WARN_DOCUMENTATION_COMMENTS = YES;
				CLANG_WARN_EMPTY_BODY = YES;
				CLANG_WARN_ENUM_CONVERSION = YES;
				CLANG_WARN_INFINITE_RECURSION = YES;
				CLANG_WARN_INT_CONVERSION = YES;
				CLANG_WARN_NON_LITERAL_NULL_CONVERSION = YES;
				CLANG_WARN_OBJC_IMPLICIT_RETAIN_SELF = YES;
				CLANG_WARN_OBJC_LITERAL_CONVERSION = YES;
				CLANG_WARN_OBJC_ROOT_CLASS = YES_ERROR;
				CLANG_WARN_QUOTED_INCLUDE_IN_FRAMEWORK_HEADER = YES;
				CLANG_WARN_RANGE_LOOP_ANALYSIS = YES;
				CLANG_WARN_STRICT_PROTOTYPES = YES;
				CLANG_WARN_SUSPICIOUS_MOVE = YES;
				CLANG_WARN_UNGUARDED_AVAILABILITY = YES_AGGRESSIVE;
				CLANG_WARN_UNREACHABLE_CODE = YES;
				CLANG_WARN__DUPLICATE_METHOD_MATCH = YES;
				COPY_PHASE_STRIP = NO;
				DEBUG_INFORMATION_FORMAT = "dwarf-with-dsym";
				ENABLE_NS_ASSERTIONS = NO;
				ENABLE_STRICT_OBJC_MSGSEND = YES;
				ENABLE_USER_SCRIPT_SANDBOXING = YES;
				GCC_C_LANGUAGE_STANDARD = gnu17;
				GCC_NO_COMMON_BLOCKS = YES;
				GCC_WARN_64_TO_32_BIT_CONVERSION = YES;
				GCC_WARN_ABOUT_RETURN_TYPE = YES_ERROR;
				GCC_WARN_UNDECLARED_SELECTOR = YES;
				GCC_WARN_UNINITIALIZED_AUTOS = YES_AGGRESSIVE;
				GCC_WARN_UNUSED_FUNCTION = YES;
				GCC_WARN_UNUSED_VARIABLE = YES;
				IPHONEOS_DEPLOYMENT_TARGET = 17.0;
				LOCALIZATION_PREFERS_STRING_CATALOGS = YES;
				MTL_ENABLE_DEBUG_INFO = NO;
				MTL_FAST_MATH = YES;
				SDKROOT = iphoneos;
				SWIFT_COMPILATION_MODE = wholemodule;
				VALIDATE_PRODUCT = YES;
			};
			name = Release;
		};
		242A42552AD026C200E06794 /* Debug */ = {
			isa = XCBuildConfiguration;
			buildSettings = {
				ASSETCATALOG_COMPILER_APPICON_NAME = AppIcon;
				ASSETCATALOG_COMPILER_GLOBAL_ACCENT_COLOR_NAME = AccentColor;
				CODE_SIGN_STYLE = Automatic;
				CURRENT_PROJECT_VERSION = 1;
				GENERATE_INFOPLIST_FILE = YES;
				INFOPLIST_FILE = my_app/Info.plist;
				INFOPLIST_KEY_UIApplicationSupportsIndirectInputEvents = YES;
				INFOPLIST_KEY_UILaunchStoryboardName = LaunchScreen;
				INFOPLIST_KEY_UISupportedInterfaceOrientations_iPad = "UIInterfaceOrientationPortrait UIInterfaceOrientationPortraitUpsideDown UIInterfaceOrientationLandscapeLeft UIInterfaceOrientationLandscapeRight";
				INFOPLIST_KEY_UISupportedInterfaceOrientations_iPhone = "UIInterfaceOrientationPortrait UIInterfaceOrientationLandscapeLeft UIInterfaceOrientationLandscapeRight";
				LD_RUNPATH_SEARCH_PATHS = (
					"$(inherited)",
					"@executable_path/Frameworks",
				);
				MARKETING_VERSION = 1.0;
				PRODUCT_BUNDLE_IDENTIFIER = "com.nika.my-app";
				PRODUCT_NAME = "$(TARGET_NAME)";
				SWIFT_EMIT_LOC_STRINGS = YES;
				SWIFT_VERSION = 5.0;
				TARGETED_DEVICE_FAMILY = "1,2";
			};
			name = Debug;
		};
		242A42562AD026C200E06794 /* Release */ = {
			isa = XCBuildConfiguration;
			buildSettings = {
				ASSETCATALOG_COMPILER_APPICON_NAME = AppIcon;
				ASSETCATALOG_COMPILER_GLOBAL_ACCENT_COLOR_NAME = AccentColor;
				CODE_SIGN_STYLE = Automatic;
				CURRENT_PROJECT_VERSION = 1;
				GENERATE_INFOPLIST_FILE = YES;
				INFOPLIST_FILE = my_app/Info.plist;
				INFOPLIST_KEY_UIApplicationSupportsIndirectInputEvents = YES;
				INFOPLIST_KEY_UILaunchStoryboardName = LaunchScreen;
				INFOPLIST_KEY_UISupportedInterfaceOrientations_iPad = "UIInterfaceOrientationPortrait UIInterfaceOrientationPortraitUpsideDown UIInterfaceOrientationLandscapeLeft UIInterfaceOrientationLandscapeRight";
				INFOPLIST_KEY_UISupportedInterfaceOrientations_iPhone = "UIInterfaceOrientationPortrait UIInterfaceOrientationLandscapeLeft UIInterfaceOrientationLandscapeRight";
				LD_RUNPATH_SEARCH_PATHS = (
					"$(inherited)",
					"@executable_path/Frameworks",
				);
				MARKETING_VERSION = 1.0;
				PRODUCT_BUNDLE_IDENTIFIER = "com.nika.my-app";
				PRODUCT_NAME = "$(TARGET_NAME)";
				SWIFT_EMIT_LOC_STRINGS = YES;
				SWIFT_VERSION = 5.0;
				TARGETED_DEVICE_FAMILY = "1,2";
			};
			name = Release;
		};
/* End XCBuildConfiguration section */

/* Begin XCConfigurationList section */
		242A423B2AD026BE00E06794 /* Build configuration list for PBXProject "my_app" */ = {
			isa = XCConfigurationList;
			buildConfigurations = (
				242A42522AD026C200E06794 /* Debug */,
				242A42532AD026C200E06794 /* Release */,
			);
			defaultConfigurationIsVisible = 0;
			defaultConfigurationName = Release;
		};
		242A42542AD026C200E06794 /* Build configuration list for PBXNativeTarget "my_app" */ = {
			isa = XCConfigurationList;
			buildConfigurations = (
				242A42552AD026C200E06794 /* Debug */,
				242A42562AD026C200E06794 /* Release */,
			);
			defaultConfigurationIsVisible = 0;
			defaultConfigurationName = Release;
		};
/* End XCConfigurationList section */
	};
	rootObject = 242A42382AD026BE00E06794 /* Project object */;
}
